
Microsoft Visual Studio Solution File, Format Version 12.00
# Visual Studio Version 17
VisualStudioVersion = 17.6.33723.286
MinimumVisualStudioVersion = 10.0.40219.1
Project("{FAE04EC0-301F-11D3-BF4B-00C04F79EFBC}") = "MyService", "MyService\MyService.csproj", "{DE9BB00A-A715-4C6D-B3A3-9B11076D4897}"
EndProject
Global
	GlobalSection(SolutionConfigurationPlatforms) = preSolution
		Debug|Any CPU = Debug|Any CPU
		Release|Any CPU = Release|Any CPU
	EndGlobalSection
	GlobalSection(ProjectConfigurationPlatforms) = postSolution
		{DE9BB00A-A715-4C6D-B3A3-9B11076D4897}.Debug|Any CPU.ActiveCfg = Debug|Any CPU
		{DE9BB00A-A715-4C6D-B3A3-9B11076D4897}.Debug|Any CPU.Build.0 = Debug|Any CPU
		{DE9BB00A-A715-4C6D-B3A3-9B11076D4897}.Release|Any CPU.ActiveCfg = Release|Any CPU
		{DE9BB00A-A715-4C6D-B3A3-9B11076D4897}.Release|Any CPU.Build.0 = Release|Any CPU
	EndGlobalSection
	GlobalSection(SolutionProperties) = preSolution
		HideSolutionNode = FALSE
	EndGlobalSection
	GlobalSection(ExtensibilityGlobals) = postSolution
		SolutionGuid = {4D808B6F-D434-4687-8274-5D971F5DFF6E}
	EndGlobalSection
EndGlobal
